
Microsoft Visual Studio Solution File, Format Version 12.00
# Visual Studio 15
VisualStudioVersion = 15.0.26730.16
MinimumVisualStudioVersion = 10.0.40219.1
Project("{9A19103F-16F7-4668-BE54-9A1E7A4F7556}") = "HashServer", "HashServer.csproj", "{894FC477-0250-4479-9CA5-3B6713A0F3ED}"
EndProject
Global
	GlobalSection(SolutionConfigurationPlatforms) = preSolution
		Debug|Any CPU = Debug|Any CPU
		Release|Any CPU = Release|Any CPU
	EndGlobalSection
	GlobalSection(ProjectConfigurationPlatforms) = postSolution
		{894FC477-0250-4479-9CA5-3B6713A0F3ED}.Debug|Any CPU.ActiveCfg = Debug|Any CPU
		{894FC477-0250-4479-9CA5-3B6713A0F3ED}.Debug|Any CPU.Build.0 = Debug|Any CPU
		{894FC477-0250-4479-9CA5-3B6713A0F3ED}.Release|Any CPU.ActiveCfg = Release|Any CPU
		{894FC477-0250-4479-9CA5-3B6713A0F3ED}.Release|Any CPU.Build.0 = Release|Any CPU
	EndGlobalSection
	GlobalSection(SolutionProperties) = preSolution
		HideSolutionNode = FALSE
	EndGlobalSection
	GlobalSection(ExtensibilityGlobals) = postSolution
		SolutionGuid = {45B84965-7771-4931-8CC1-716F2FDB6F01}
	EndGlobalSection
EndGlobal
